dependencies:
- name: kube-prometheus-stack
  repository: https://prometheus-community.github.io/helm-charts
  version: 72.9.1
- name: gateway-helm
  repository: oci://docker.io/envoyproxy
  version: 1.7.0
digest: sha256:3d0799782bbf58544f00ad2cb9f60de6373034a05159b3633ea456350854ed40
generated: "2026-03-10T09:47:51.443139911-05:00"
